// !$*UTF8*$!
{
	archiveVersion = 1;
	classes = {
	};
	objectVersion = 56;
	objects = {

/* Begin PBXBuildFile section */
		C13E375E2B3B72FE001492CA /* ThemeView.swift in Sources */ = {isa = PBXBuildFile; fileRef = C13E375D2B3B72FE001492CA /* ThemeView.swift */; };
		C13E37602B3B75AB001492CA /* ThemePicker.swift in Sources */ = {isa = PBXBuildFile; fileRef = C13E375F2B3B75AB001492CA /* ThemePicker.swift */; };
		C18D80E22B1F25C0005A3C30 /* MeetingView.swift in Sources */ = {isa = PBXBuildFile; fileRef = C18D80E12B1F25C0005A3C30 /* MeetingView.swift */; };
		C18D80E52B1F262B005A3C30 /* DailyScrum.swift in Sources */ = {isa = PBXBuildFile; fileRef = C18D80E42B1F262B005A3C30 /* DailyScrum.swift */; };
		C18D80E72B1F2644005A3C30 /* Theme.swift in Sources */ = {isa = PBXBuildFile; fileRef = C18D80E62B1F2644005A3C30 /* Theme.swift */; };
		C18D80E92B1F267B005A3C30 /* CardView.swift in Sources */ = {isa = PBXBuildFile; fileRef = C18D80E82B1F267B005A3C30 /* CardView.swift */; };
		C18D80EB2B1F2699005A3C30 /* TrailingIconLabelStyle.swift in Sources */ = {isa = PBXBuildFile; fileRef = C18D80EA2B1F2699005A3C30 /* TrailingIconLabelStyle.swift */; };
		C18D80ED2B1F2781005A3C30 /* ScrumsView.swift in Sources */ = {isa = PBXBuildFile; fileRef = C18D80EC2B1F2781005A3C30 /* ScrumsView.swift */; };
		C18D80EF2B1F3120005A3C30 /* DetailView.swift in Sources */ = {isa = PBXBuildFile; fileRef = C18D80EE2B1F3120005A3C30 /* DetailView.swift */; };
		C1B380D62B1F226A00A7BA79 /* ScrumdingerApp.swift in Sources */ = {isa = PBXBuildFile; fileRef = C1B380D52B1F226A00A7BA79 /* ScrumdingerApp.swift */; };
		C1B380DA2B1F226C00A7BA79 /* Assets.xcassets in Resources */ = {isa = PBXBuildFile; fileRef = C1B380D92B1F226C00A7BA79 /* Assets.xcassets */; };
		C1B380DD2B1F226C00A7BA79 /* Preview Assets.xcassets in Resources */ = {isa = PBXBuildFile; fileRef = C1B380DC2B1F226C00A7BA79 /* Preview Assets.xcassets */; };
		C1C7C7A72B1F6A2700978115 /* DetailEditView.swift in Sources */ = {isa = PBXBuildFile; fileRef = C1C7C7A62B1F6A2700978115 /* DetailEditView.swift */; };
/* End PBXBuildFile section */

/* Begin PBXFileReference section */
		C13E375D2B3B72FE001492CA /* ThemeView.swift */ = {isa = PBXFileReference; lastKnownFileType = sourcecode.swift; path = ThemeView.swift; sourceTree = "<group>"; };
		C13E375F2B3B75AB001492CA /* ThemePicker.swift */ = {isa = PBXFileReference; lastKnownFileType = sourcecode.swift; path = ThemePicker.swift; sourceTree = "<group>"; };
		C18D80E12B1F25C0005A3C30 /* MeetingView.swift */ = {isa = PBXFileReference; lastKnownFileType = sourcecode.swift; path = MeetingView.swift; sourceTree = "<group>"; };
		C18D80E42B1F262B005A3C30 /* DailyScrum.swift */ = {isa = PBXFileReference; lastKnownFileType = sourcecode.swift; path = DailyScrum.swift; sourceTree = "<group>"; };
		C18D80E62B1F2644005A3C30 /* Theme.swift */ = {isa = PBXFileReference; lastKnownFileType = sourcecode.swift; path = Theme.swift; sourceTree = "<group>"; };
		C18D80E82B1F267B005A3C30 /* CardView.swift */ = {isa = PBXFileReference; lastKnownFileType = sourcecode.swift; path = CardView.swift; sourceTree = "<group>"; };
		C18D80EA2B1F2699005A3C30 /* TrailingIconLabelStyle.swift */ = {isa = PBXFileReference; lastKnownFileType = sourcecode.swift; path = TrailingIconLabelStyle.swift; sourceTree = "<group>"; };
		C18D80EC2B1F2781005A3C30 /* ScrumsView.swift */ = {isa = PBXFileReference; lastKnownFileType = sourcecode.swift; path = ScrumsView.swift; sourceTree = "<group>"; };
		C18D80EE2B1F3120005A3C30 /* DetailView.swift */ = {isa = PBXFileReference; lastKnownFileType = sourcecode.swift; path = DetailView.swift; sourceTree = "<group>"; };
		C1B380D22B1F226A00A7BA79 /* Scrumdinger.app */ = {isa = PBXFileReference; explicitFileType = wrapper.application; includeInIndex = 0; path = Scrumdinger.app; sourceTree = BUILT_PRODUCTS_DIR; };
		C1B380D52B1F226A00A7BA79 /* ScrumdingerApp.swift */ = {isa = PBXFileReference; lastKnownFileType = sourcecode.swift; path = ScrumdingerApp.swift; sourceTree = "<group>"; };
		C1B380D92B1F226C00A7BA79 /* Assets.xcassets */ = {isa = PBXFileReference; lastKnownFileType = folder.assetcatalog; path = Assets.xcassets; sourceTree = "<group>"; };
		C1B380DC2B1F226C00A7BA79 /* Preview Assets.xcassets */ = {isa = PBXFileReference; lastKnownFileType = folder.assetcatalog; path = "Preview Assets.xcassets"; sourceTree = "<group>"; };
		C1C7C7A62B1F6A2700978115 /* DetailEditView.swift */ = {isa = PBXFileReference; lastKnownFileType = sourcecode.swift; path = DetailEditView.swift; sourceTree = "<group>"; };
/* End PBXFileReference section */

/* Begin PBXFrameworksBuildPhase section */
		C1B380CF2B1F226A00A7BA79 /* Frameworks */ = {
			isa = PBXFrameworksBuildPhase;
			buildActionMask = 2147483647;
			files = (
			);
			runOnlyForDeploymentPostprocessing = 0;
		};
/* End PBXFrameworksBuildPhase section */

/* Begin PBXGroup section */
		C13E375C2B3B72CE001492CA /* Views */ = {
			isa = PBXGroup;
			children = (
				C18D80EC2B1F2781005A3C30 /* ScrumsView.swift */,
				C18D80E12B1F25C0005A3C30 /* MeetingView.swift */,
				C18D80E82B1F267B005A3C30 /* CardView.swift */,
				C1C7C7A62B1F6A2700978115 /* DetailEditView.swift */,
				C18D80EE2B1F3120005A3C30 /* DetailView.swift */,
				C13E375D2B3B72FE001492CA /* ThemeView.swift */,
				C13E375F2B3B75AB001492CA /* ThemePicker.swift */,
			);
			path = Views;
			sourceTree = "<group>";
		};
		C18D80E32B1F25E6005A3C30 /* Models */ = {
			isa = PBXGroup;
			children = (
				C18D80E42B1F262B005A3C30 /* DailyScrum.swift */,
				C18D80E62B1F2644005A3C30 /* Theme.swift */,
				C18D80EA2B1F2699005A3C30 /* TrailingIconLabelStyle.swift */,
			);
			path = Models;
			sourceTree = "<group>";
		};
		C1B380C92B1F226A00A7BA79 = {
			isa = PBXGroup;
			children = (
				C1B380D42B1F226A00A7BA79 /* Scrumdinger */,
				C1B380D32B1F226A00A7BA79 /* Products */,
			);
			sourceTree = "<group>";
		};
		C1B380D32B1F226A00A7BA79 /* Products */ = {
			isa = PBXGroup;
			children = (
				C1B380D22B1F226A00A7BA79 /* Scrumdinger.app */,
			);
			name = Products;
			sourceTree = "<group>";
		};
		C1B380D42B1F226A00A7BA79 /* Scrumdinger */ = {
			isa = PBXGroup;
			children = (
				C13E375C2B3B72CE001492CA /* Views */,
				C18D80E32B1F25E6005A3C30 /* Models */,
				C1B380D52B1F226A00A7BA79 /* ScrumdingerApp.swift */,
				C1B380D92B1F226C00A7BA79 /* Assets.xcassets */,
				C1B380DB2B1F226C00A7BA79 /* Preview Content */,
			);
			path = Scrumdinger;
			sourceTree = "<group>";
		};
		C1B380DB2B1F226C00A7BA79 /* Preview Content */ = {
			isa = PBXGroup;
			children = (
				C1B380DC2B1F226C00A7BA79 /* Preview Assets.xcassets */,
			);
			path = "Preview Content";
			sourceTree = "<group>";
		};
/* End PBXGroup section */

/* Begin PBXNativeTarget section */
		C1B380D12B1F226A00A7BA79 /* Scrumdinger */ = {
			isa = PBXNativeTarget;
			buildConfigurationList = C1B380E02B1F226C00A7BA79 /* Build configuration list for PBXNativeTarget "Scrumdinger" */;
			buildPhases = (
				C1B380CE2B1F226A00A7BA79 /* Sources */,
				C1B380CF2B1F226A00A7BA79 /* Frameworks */,
				C1B380D02B1F226A00A7BA79 /* Resources */,
			);
			buildRules = (
			);
			dependencies = (
			);
			name = Scrumdinger;
			productName = Scrumdinger;
			productReference = C1B380D22B1F226A00A7BA79 /* Scrumdinger.app */;
			productType = "com.apple.product-type.application";
		};
/* End PBXNativeTarget section */

/* Begin PBXProject section */
		C1B380CA2B1F226A00A7BA79 /* Project object */ = {
			isa = PBXProject;
			attributes = {
				BuildIndependentTargetsInParallel = 1;
				LastSwiftUpdateCheck = 1500;
				LastUpgradeCheck = 1500;
				TargetAttributes = {
					C1B380D12B1F226A00A7BA79 = {
						CreatedOnToolsVersion = 15.0.1;
					};
				};
			};
			buildConfigurationList = C1B380CD2B1F226A00A7BA79 /* Build configuration list for PBXProject "Scrumdinger" */;
			compatibilityVersion = "Xcode 14.0";
			developmentRegion = en;
			hasScannedForEncodings = 0;
			knownRegions = (
				en,
				Base,
			);
			mainGroup = C1B380C92B1F226A00A7BA79;
			productRefGroup = C1B380D32B1F226A00A7BA79 /* Products */;
			projectDirPath = "";
			projectRoot = "";
			targets = (
				C1B380D12B1F226A00A7BA79 /* Scrumdinger */,
			);
		};
/* End PBXProject section */

/* Begin PBXResourcesBuildPhase section */
		C1B380D02B1F226A00A7BA79 /* Resources */ = {
			isa = PBXResourcesBuildPhase;
			buildActionMask = 2147483647;
			files = (
				C1B380DD2B1F226C00A7BA79 /* Preview Assets.xcassets in Resources */,
				C1B380DA2B1F226C00A7BA79 /* Assets.xcassets in Resources */,
			);
			runOnlyForDeploymentPostprocessing = 0;
		};
/* End PBXResourcesBuildPhase section */

/* Begin PBXSourcesBuildPhase section */
		C1B380CE2B1F226A00A7BA79 /* Sources */ = {
			isa = PBXSourcesBuildPhase;
			buildActionMask = 2147483647;
			files = (
				C13E37602B3B75AB001492CA /* ThemePicker.swift in Sources */,
				C1B380D62B1F226A00A7BA79 /* ScrumdingerApp.swift in Sources */,
				C18D80EF2B1F3120005A3C30 /* DetailView.swift in Sources */,
				C18D80EB2B1F2699005A3C30 /* TrailingIconLabelStyle.swift in Sources */,
				C18D80E72B1F2644005A3C30 /* Theme.swift in Sources */,
				C18D80ED2B1F2781005A3C30 /* ScrumsView.swift in Sources */,
				C1C7C7A72B1F6A2700978115 /* DetailEditView.swift in Sources */,
				C18D80E52B1F262B005A3C30 /* DailyScrum.swift in Sources */,
				C18D80E22B1F25C0005A3C30 /* MeetingView.swift in Sources */,
				C13E375E2B3B72FE001492CA /* ThemeView.swift in Sources */,
				C18D80E92B1F267B005A3C30 /* CardView.swift in Sources */,
			);
			runOnlyForDeploymentPostprocessing = 0;
		};
/* End PBXSourcesBuildPhase section */

/* Begin XCBuildConfiguration section */
		C1B380DE2B1F226C00A7BA79 /* Debug */ = {
			isa = XCBuildConfiguration;
			buildSettings = {
				ALWAYS_SEARCH_USER_PATHS = NO;
				ASSETCATALOG_COMPILER_GENERATE_SWIFT_ASSET_SYMBOL_EXTENSIONS = YES;
				CLANG_ANALYZER_NONNULL = YES;
				CLANG_ANALYZER_NUMBER_OBJECT_CONVERSION = YES_AGGRESSIVE;
				CLANG_CXX_LANGUAGE_STANDARD = "gnu++20";
				CLANG_ENABLE_MODULES = YES;
				CLANG_ENABLE_OBJC_ARC = YES;
				CLANG_ENABLE_OBJC_WEAK = YES;
				CLANG_WARN_BLOCK_CAPTURE_AUTORELEASING = YES;
				CLANG_WARN_BOOL_CONVERSION = YES;
				CLANG_WARN_COMMA = YES;
				CLANG_WARN_CONSTANT_CONVERSION = YES;
				CLANG_WARN_DEPRECATED_OBJC_IMPLEMENTATIONS = YES;
				CLANG_WARN_DIRECT_OBJC_ISA_USAGE = YES_ERROR;
				CLANG_WARN_DOCUMENTATION_COMMENTS = YES;
				CLANG_WARN_EMPTY_BODY = YES;
				CLANG_WARN_ENUM_CONVERSION = YES;
				CLANG_WARN_INFINITE_RECURSION = YES;
				CLANG_WARN_INT_CONVERSION = YES;
				CLANG_WARN_NON_LITERAL_NULL_CONVERSION = YES;
				CLANG_WARN_OBJC_IMPLICIT_RETAIN_SELF = YES;
				CLANG_WARN_OBJC_LITERAL_CONVERSION = YES;
				CLANG_WARN_OBJC_ROOT_CLASS = YES_ERROR;
				CLANG_WARN_QUOTED_INCLUDE_IN_FRAMEWORK_HEADER = YES;
				CLANG_WARN_RANGE_LOOP_ANALYSIS = YES;
				CLANG_WARN_STRICT_PROTOTYPES = YES;
				CLANG_WARN_SUSPICIOUS_MOVE = YES;
				CLANG_WARN_UNGUARDED_AVAILABILITY = YES_AGGRESSIVE;
				CLANG_WARN_UNREACHABLE_CODE = YES;
				CLANG_WARN__DUPLICATE_METHOD_MATCH = YES;
				COPY_PHASE_STRIP = NO;
				DEBUG_INFORMATION_FORMAT = dwarf;
				ENABLE_STRICT_OBJC_MSGSEND = YES;
				ENABLE_TESTABILITY = YES;
				ENABLE_USER_SCRIPT_SANDBOXING = YES;
				GCC_C_LANGUAGE_STANDARD = gnu17;
				GCC_DYNAMIC_NO_PIC = NO;
				GCC_NO_COMMON_BLOCKS = YES;
				GCC_OPTIMIZATION_LEVEL = 0;
				GCC_PREPROCESSOR_DEFINITIONS = (
					"DEBUG=1",
					"$(inherited)",
				);
				GCC_WARN_64_TO_32_BIT_CONVERSION = YES;
				GCC_WARN_ABOUT_RETURN_TYPE = YES_ERROR;
				GCC_WARN_UNDECLARED_SELECTOR = YES;
				GCC_WARN_UNINITIALIZED_AUTOS = YES_AGGRESSIVE;
				GCC_WARN_UNUSED_FUNCTION = YES;
				GCC_WARN_UNUSED_VARIABLE = YES;
				IPHONEOS_DEPLOYMENT_TARGET = 17.0;
				LOCALIZATION_PREFERS_STRING_CATALOGS = YES;
				MTL_ENABLE_DEBUG_INFO = INCLUDE_SOURCE;
				MTL_FAST_MATH = YES;
				ONLY_ACTIVE_ARCH = YES;
				SDKROOT = iphoneos;
				SWIFT_ACTIVE_COMPILATION_CONDITIONS = "DEBUG $(inherited)";
				SWIFT_OPTIMIZATION_LEVEL = "-Onone";
			};
			name = Debug;
		};
		C1B380DF2B1F226C00A7BA79 /* Release */ = {
			isa = XCBuildConfiguration;
			buildSettings = {
				ALWAYS_SEARCH_USER_PATHS = NO;
				ASSETCATALOG_COMPILER_GENERATE_SWIFT_ASSET_SYMBOL_EXTENSIONS = YES;
				CLANG_ANALYZER_NONNULL = YES;
				CLANG_ANALYZER_NUMBER_OBJECT_CONVERSION = YES_AGGRESSIVE;
				CLANG_CXX_LANGUAGE_STANDARD = "gnu++20";
				CLANG_ENABLE_MODULES = YES;
				CLANG_ENABLE_OBJC_ARC = YES;
				CLANG_ENABLE_OBJC_WEAK = YES;
				CLANG_WARN_BLOCK_CAPTURE_AUTORELEASING = YES;
				CLANG_WARN_BOOL_CONVERSION = YES;
				CLANG_WARN_COMMA = YES;
				CLANG_WARN_CONSTANT_CONVERSION = YES;
				CLANG_WARN_DEPRECATED_OBJC_IMPLEMENTATIONS = YES;
				CLANG_WARN_DIRECT_OBJC_ISA_USAGE = YES_ERROR;
				CLANG_WARN_DOCUMENTATION_COMMENTS = YES;
				CLANG_WARN_EMPTY_BODY = YES;
				CLANG_WARN_ENUM_CONVERSION = YES;
				CLANG_WARN_INFINITE_RECURSION = YES;
				CLANG_WARN_INT_CONVERSION = YES;
				CLANG_WARN_NON_LITERAL_NULL_CONVERSION = YES;
				CLANG_WARN_OBJC_IMPLICIT_RETAIN_SELF = YES;
				CLANG_WARN_OBJC_LITERAL_CONVERSION = YES;
				CLANG_WARN_OBJC_ROOT_CLASS = YES_ERROR;
				CLANG_WARN_QUOTED_INCLUDE_IN_FRAMEWORK_HEADER = YES;
				CLANG_WARN_RANGE_LOOP_ANALYSIS = YES;
				CLANG_WARN_STRICT_PROTOTYPES = YES;
				CLANG_WARN_SUSPICIOUS_MOVE = YES;
				CLANG_WARN_UNGUARDED_AVAILABILITY = YES_AGGRESSIVE;
				CLANG_WARN_UNREACHABLE_CODE = YES;
				CLANG_WARN__DUPLICATE_METHOD_MATCH = YES;
				COPY_PHASE_STRIP = NO;
				DEBUG_INFORMATION_FORMAT = "dwarf-with-dsym";
				ENABLE_NS_ASSERTIONS = NO;
				ENABLE_STRICT_OBJC_MSGSEND = YES;
				ENABLE_USER_SCRIPT_SANDBOXING = YES;
				GCC_C_LANGUAGE_STANDARD = gnu17;
				GCC_NO_COMMON_BLOCKS = YES;
				GCC_WARN_64_TO_32_BIT_CONVERSION = YES;
				GCC_WARN_ABOUT_RETURN_TYPE = YES_ERROR;
				GCC_WARN_UNDECLARED_SELECTOR = YES;
				GCC_WARN_UNINITIALIZED_AUTOS = YES_AGGRESSIVE;
				GCC_WARN_UNUSED_FUNCTION = YES;
				GCC_WARN_UNUSED_VARIABLE = YES;
				IPHONEOS_DEPLOYMENT_TARGET = 17.0;
				LOCALIZATION_PREFERS_STRING_CATALOGS = YES;
				MTL_ENABLE_DEBUG_INFO = NO;
				MTL_FAST_MATH = YES;
				SDKROOT = iphoneos;
				SWIFT_COMPILATION_MODE = wholemodule;
				VALIDATE_PRODUCT = YES;
			};
			name = Release;
		};
		C1B380E12B1F226C00A7BA79 /* Debug */ = {
			isa = XCBuildConfiguration;
			buildSettings = {
				ASSETCATALOG_COMPILER_APPICON_NAME = AppIcon;
				ASSETCATALOG_COMPILER_GLOBAL_ACCENT_COLOR_NAME = AccentColor;
				CODE_SIGN_STYLE = Automatic;
				CURRENT_PROJECT_VERSION = 1;
				DEVELOPMENT_ASSET_PATHS = "\"Scrumdinger/Preview Content\"";
				DEVELOPMENT_TEAM = 8VDHW684GY;
				ENABLE_PREVIEWS = YES;
				GENERATE_INFOPLIST_FILE = YES;
				INFOPLIST_KEY_UIApplicationSceneManifest_Generation = YES;
				INFOPLIST_KEY_UIApplicationSupportsIndirectInputEvents = YES;
				INFOPLIST_KEY_UILaunchScreen_Generation = YES;
				INFOPLIST_KEY_UISupportedInterfaceOrientations_iPad = "UIInterfaceOrientationPortrait UIInterfaceOrientationPortraitUpsideDown UIInterfaceOrientationLandscapeLeft UIInterfaceOrientationLandscapeRight";
				INFOPLIST_KEY_UISupportedInterfaceOrientations_iPhone = "UIInterfaceOrientationPortrait UIInterfaceOrientationLandscapeLeft UIInterfaceOrientationLandscapeRight";
				LD_RUNPATH_SEARCH_PATHS = (
					"$(inherited)",
					"@executable_path/Frameworks",
				);
				MARKETING_VERSION = 1.0;
				PRODUCT_BUNDLE_IDENTIFIER = UPO.AppMobili.Scrumdinger;
				PRODUCT_NAME = "$(TARGET_NAME)";
				SWIFT_EMIT_LOC_STRINGS = YES;
				SWIFT_VERSION = 5.0;
				TARGETED_DEVICE_FAMILY = "1,2";
			};
			name = Debug;
		};
		C1B380E22B1F226C00A7BA79 /* Release */ = {
			isa = XCBuildConfiguration;
			buildSettings = {
				ASSETCATALOG_COMPILER_APPICON_NAME = AppIcon;
				ASSETCATALOG_COMPILER_GLOBAL_ACCENT_COLOR_NAME = AccentColor;
				CODE_SIGN_STYLE = Automatic;
				CURRENT_PROJECT_VERSION = 1;
				DEVELOPMENT_ASSET_PATHS = "\"Scrumdinger/Preview Content\"";
				DEVELOPMENT_TEAM = 8VDHW684GY;
				ENABLE_PREVIEWS = YES;
				GENERATE_INFOPLIST_FILE = YES;
				INFOPLIST_KEY_UIApplicationSceneManifest_Generation = YES;
				INFOPLIST_KEY_UIApplicationSupportsIndirectInputEvents = YES;
				INFOPLIST_KEY_UILaunchScreen_Generation = YES;
				INFOPLIST_KEY_UISupportedInterfaceOrientations_iPad = "UIInterfaceOrientationPortrait UIInterfaceOrientationPortraitUpsideDown UIInterfaceOrientationLandscapeLeft UIInterfaceOrientationLandscapeRight";
				INFOPLIST_KEY_UISupportedInterfaceOrientations_iPhone = "UIInterfaceOrientationPortrait UIInterfaceOrientationLandscapeLeft UIInterfaceOrientationLandscapeRight";
				LD_RUNPATH_SEARCH_PATHS = (
					"$(inherited)",
					"@executable_path/Frameworks",
				);
				MARKETING_VERSION = 1.0;
				PRODUCT_BUNDLE_IDENTIFIER = UPO.AppMobili.Scrumdinger;
				PRODUCT_NAME = "$(TARGET_NAME)";
				SWIFT_EMIT_LOC_STRINGS = YES;
				SWIFT_VERSION = 5.0;
				TARGETED_DEVICE_FAMILY = "1,2";
			};
			name = Release;
		};
/* End XCBuildConfiguration section */

/* Begin XCConfigurationList section */
		C1B380CD2B1F226A00A7BA79 /* Build configuration list for PBXProject "Scrumdinger" */ = {
			isa = XCConfigurationList;
			buildConfigurations = (
				C1B380DE2B1F226C00A7BA79 /* Debug */,
				C1B380DF2B1F226C00A7BA79 /* Release */,
			);
			defaultConfigurationIsVisible = 0;
			defaultConfigurationName = Release;
		};
		C1B380E02B1F226C00A7BA79 /* Build configuration list for PBXNativeTarget "Scrumdinger" */ = {
			isa = XCConfigurationList;
			buildConfigurations = (
				C1B380E12B1F226C00A7BA79 /* Debug */,
				C1B380E22B1F226C00A7BA79 /* Release */,
			);
			defaultConfigurationIsVisible = 0;
			defaultConfigurationName = Release;
		};
/* End XCConfigurationList section */
	};
	rootObject = C1B380CA2B1F226A00A7BA79 /* Project object */;
}
